
Microsoft Visual Studio Solution File, Format Version 12.00
# Visual Studio 2013
VisualStudioVersion = 12.0.30324.0
MinimumVisualStudioVersion = 10.0.40219.1
Project("{FAE04EC0-301F-11D3-BF4B-00C04F79EFBC}") = "Kaznachey.KaznacheyPayment", "Kaznachey.KaznacheyPayment.csproj", "{4046E6C4-B151-47C9-9076-16E13F0CEC14}"
EndProject
Global
	GlobalSection(SolutionConfigurationPlatforms) = preSolution
		Debug|Any CPU = Debug|Any CPU
		Live|Any CPU = Live|Any CPU
		Local|Any CPU = Local|Any CPU
		Staging|Any CPU = Staging|Any CPU
	EndGlobalSection
	GlobalSection(ProjectConfigurationPlatforms) = postSolution
		{4046E6C4-B151-47C9-9076-16E13F0CEC14}.Debug|Any CPU.ActiveCfg = Debug|Any CPU
		{4046E6C4-B151-47C9-9076-16E13F0CEC14}.Debug|Any CPU.Build.0 = Debug|Any CPU
		{4046E6C4-B151-47C9-9076-16E13F0CEC14}.Live|Any CPU.ActiveCfg = Live|Any CPU
		{4046E6C4-B151-47C9-9076-16E13F0CEC14}.Live|Any CPU.Build.0 = Live|Any CPU
		{4046E6C4-B151-47C9-9076-16E13F0CEC14}.Local|Any CPU.ActiveCfg = Local|Any CPU
		{4046E6C4-B151-47C9-9076-16E13F0CEC14}.Local|Any CPU.Build.0 = Local|Any CPU
		{4046E6C4-B151-47C9-9076-16E13F0CEC14}.Staging|Any CPU.ActiveCfg = Staging|Any CPU
		{4046E6C4-B151-47C9-9076-16E13F0CEC14}.Staging|Any CPU.Build.0 = Staging|Any CPU
	EndGlobalSection
	GlobalSection(SolutionProperties) = preSolution
		HideSolutionNode = FALSE
	EndGlobalSection
EndGlobal
